
Microsoft Visual Studio Solution File, Format Version 12.00
# Visual Studio Version 17
VisualStudioVersion = 17.0.32126.317
MinimumVisualStudioVersion = 10.0.40219.1
Project("{FAE04EC0-301F-11D3-BF4B-00C04F79EFBC}") = "Aeries", "Aeries\Aeries.csproj", "{EEEC45F9-099D-4C30-8390-9A2F685BD840}"
EndProject
Global
	GlobalSection(SolutionConfigurationPlatforms) = preSolution
		Debug|Any CPU = Debug|Any CPU
		Release|Any CPU = Release|Any CPU
	EndGlobalSection
	GlobalSection(ProjectConfigurationPlatforms) = postSolution
		{EEEC45F9-099D-4C30-8390-9A2F685BD840}.Debug|Any CPU.ActiveCfg = Debug|Any CPU
		{EEEC45F9-099D-4C30-8390-9A2F685BD840}.Debug|Any CPU.Build.0 = Debug|Any CPU
		{EEEC45F9-099D-4C30-8390-9A2F685BD840}.Release|Any CPU.ActiveCfg = Release|Any CPU
		{EEEC45F9-099D-4C30-8390-9A2F685BD840}.Release|Any CPU.Build.0 = Release|Any CPU
	EndGlobalSection
	GlobalSection(SolutionProperties) = preSolution
		HideSolutionNode = FALSE
	EndGlobalSection
	GlobalSection(ExtensibilityGlobals) = postSolution
		SolutionGuid = {F3D00982-734F-4FDB-8493-8327E9B636FD}
	EndGlobalSection
EndGlobal
